
Microsoft Visual Studio Solution File, Format Version 12.00
# Visual Studio Version 17
VisualStudioVersion = 17.0.31912.275
MinimumVisualStudioVersion = 10.0.40219.1
Project("{2150E333-8FDC-42A3-9474-1A3956D46DE8}") = "Libraries", "Libraries", "{69FA5BF1-2C7B-4289-B482-0E7F25D41748}"
EndProject
Project("{9A19103F-16F7-4668-BE54-9A1E7A4F7556}") = "Maggsoft.Core", "Libraries\Maggsoft.Core\Maggsoft.Core.csproj", "{DBFF32A9-6E99-44CF-8FE6-69A8759BFA3B}"
EndProject
Project("{2150E333-8FDC-42A3-9474-1A3956D46DE8}") = "src", "src", "{2BCEB3B0-C3CA-4C6A-B413-FB5A7370A681}"
EndProject
Project("{9A19103F-16F7-4668-BE54-9A1E7A4F7556}") = "Maggsoft.Mongo", "Libraries\Maggsoft.Mongo\Maggsoft.Mongo.csproj", "{267E415C-A177-4D76-A5AF-B4143E047732}"
EndProject
Project("{9A19103F-16F7-4668-BE54-9A1E7A4F7556}") = "Maggsoft.Mssql", "Libraries\Maggsoft.Mssql\Maggsoft.Mssql.csproj", "{5E3F23A1-C88C-4338-AE47-90F148FBB362}"
EndProject
Project("{9A19103F-16F7-4668-BE54-9A1E7A4F7556}") = "Maggsoft.Npgsql", "Libraries\Maggsoft.Npgsql\Maggsoft.Npgsql.csproj", "{22BB3EFA-0AEE-4E93-89CA-69F6F0504475}"
EndProject
Project("{2150E333-8FDC-42A3-9474-1A3956D46DE8}") = "Presentation", "Presentation", "{57BB0453-C17A-45EF-80B3-6F60F61A2F07}"
EndProject
Project("{9A19103F-16F7-4668-BE54-9A1E7A4F7556}") = "Maggsoft.Framework", "Presentation\Maggsoft.Framework\Maggsoft.Framework.csproj", "{1C9B9C72-8451-420B-9AA1-0D1A6A17C19B}"
EndProject
Project("{2150E333-8FDC-42A3-9474-1A3956D46DE8}") = "Data", "Data", "{0C64D20C-6DF0-45B7-B539-9DE066A145BE}"
EndProject
Project("{2150E333-8FDC-42A3-9474-1A3956D46DE8}") = "Dto", "Dto", "{4F056C78-5586-4D84-A27E-1A8C312C03B6}"
EndProject
Project("{9A19103F-16F7-4668-BE54-9A1E7A4F7556}") = "Maggsoft.Dto.Npgsql", "Libraries\Dto\Maggsoft.Dto.Npgsql\Maggsoft.Dto.Npgsql.csproj", "{45514F86-D585-4C0A-BA6C-EA6714AA9939}"
EndProject
Project("{9A19103F-16F7-4668-BE54-9A1E7A4F7556}") = "Maggsoft.Data", "Libraries\Data\Maggsoft.Data\Maggsoft.Data.csproj", "{1C3CDD5A-23F3-44F0-98F6-695B200E702F}"
EndProject
Project("{9A19103F-16F7-4668-BE54-9A1E7A4F7556}") = "Maggsoft.Data.Mongo", "Libraries\Data\Maggsoft.Data.Mongo\Maggsoft.Data.Mongo.csproj", "{95880CFE-667F-4845-B716-48284BAD0895}"
EndProject
Project("{9A19103F-16F7-4668-BE54-9A1E7A4F7556}") = "Maggsoft.Data.Npgsql", "Libraries\Data\Maggsoft.Data.Npgsql\Maggsoft.Data.Npgsql.csproj", "{D23B35B8-6743-4DE1-992F-27C852FCBEDE}"
EndProject
Project("{9A19103F-16F7-4668-BE54-9A1E7A4F7556}") = "Maggsoft.Dto.Mongo", "Libraries\Dto\Maggsoft.Dto.Mongo\Maggsoft.Dto.Mongo.csproj", "{76B1B0C0-5B6F-40A1-A3B7-DF0E05CEB091}"
EndProject
Project("{9A19103F-16F7-4668-BE54-9A1E7A4F7556}") = "Maggsoft.Dto.Mssql", "Libraries\Dto\Maggsoft.Dto.Mssql\Maggsoft.Dto.Mssql.csproj", "{36DA7773-F2CD-4DA4-A059-02FD3F1AB7B1}"
EndProject
Project("{9A19103F-16F7-4668-BE54-9A1E7A4F7556}") = "Maggsoft.Data.Mssql", "Libraries\Data\Maggsoft.Data.Mssql\Maggsoft.Data.Mssql.csproj", "{3FDCC0C7-89F7-4EDB-8928-A09F0E2A433B}"
EndProject
Project("{2150E333-8FDC-42A3-9474-1A3956D46DE8}") = "Aspect", "Aspect", "{7454A2BA-DA99-452E-9AA1-B047D1D22105}"
EndProject
Project("{9A19103F-16F7-4668-BE54-9A1E7A4F7556}") = "Maggsoft.Aspect.Core", "Libraries\Aspect\Maggsoft.Aspect.Core\Maggsoft.Aspect.Core.csproj", "{D27BF2CD-263E-4674-902D-78858CF822BF}"
EndProject
Project("{2150E333-8FDC-42A3-9474-1A3956D46DE8}") = "Cache", "Cache", "{B2E2B8B8-17B6-4D5C-8B71-2E50A2F01A8B}"
EndProject
Project("{9A19103F-16F7-4668-BE54-9A1E7A4F7556}") = "Maggsoft.Cache", "Libraries\Cache\Maggsoft.Cache\Maggsoft.Cache.csproj", "{98329401-C441-4862-B5CB-C30F9F4E0B90}"
EndProject
Project("{9A19103F-16F7-4668-BE54-9A1E7A4F7556}") = "Maggsoft.Cache.Redis", "Libraries\Cache\Maggsoft.Cache.Redis\Maggsoft.Cache.Redis.csproj", "{81D93794-D3DA-4008-B209-FB1CAF578890}"
EndProject
Project("{2150E333-8FDC-42A3-9474-1A3956D46DE8}") = "Services", "Services", "{AA6D3110-B340-4EAD-9DE6-4A4138EFC36F}"
EndProject
Project("{2150E333-8FDC-42A3-9474-1A3956D46DE8}") = "EventBus", "EventBus", "{D3832EBA-203F-4F21-943B-7060F0AF6941}"
EndProject
Project("{9A19103F-16F7-4668-BE54-9A1E7A4F7556}") = "Maggsoft.EventBus", "Libraries\EventBus\Maggsoft.EventBus\Maggsoft.EventBus.csproj", "{AD1F470E-B794-41DF-AAE4-DF09D369C9A2}"
EndProject
Project("{9A19103F-16F7-4668-BE54-9A1E7A4F7556}") = "Maggsoft.EventBus.RabbitMQ", "Libraries\EventBus\Maggsoft.EventBus.RabbitMQ\Maggsoft.EventBus.RabbitMQ.csproj", "{18A6FE85-1B78-407A-9E87-0B297D4AA6AF}"
EndProject
Project("{2150E333-8FDC-42A3-9474-1A3956D46DE8}") = "Example", "Example", "{AFE3D338-C78B-40AA-9FDF-AAA170A98FAE}"
	ProjectSection(SolutionItems) = preProject
		Net8ProgramExample.txt = Net8ProgramExample.txt
		Note.txt = Note.txt
		ProgramExample.txt = ProgramExample.txt
		StartExample.txt = StartExample.txt
	EndProjectSection
EndProject
Project("{9A19103F-16F7-4668-BE54-9A1E7A4F7556}") = "Maggsoft.EventBus.Example.Publish", "Example\Maggsoft.EventBus.Example.Publish\Maggsoft.EventBus.Example.Publish.csproj", "{A1BD0F47-50AA-436B-A7E2-BC0338F6E250}"
EndProject
Project("{9A19103F-16F7-4668-BE54-9A1E7A4F7556}") = "Maggsoft.EventBus.IoC", "Libraries\EventBus\Maggsoft.EventBus.IoC\Maggsoft.EventBus.IoC.csproj", "{9723B17F-B31E-4161-BE44-65E02E9F1090}"
EndProject
Project("{9A19103F-16F7-4668-BE54-9A1E7A4F7556}") = "Maggsoft.EventBus.Example.Subscribe", "Example\Maggsoft.EventBus.Example.Subscribe\Maggsoft.EventBus.Example.Subscribe.csproj", "{B152066D-68BA-406B-9EE4-A84F4D8AF731}"
EndProject
Project("{2150E333-8FDC-42A3-9474-1A3956D46DE8}") = "Logging", "Logging", "{B96670A8-20A1-41F1-96F8-644EA1462EF4}"
EndProject
Project("{9A19103F-16F7-4668-BE54-9A1E7A4F7556}") = "Maggsoft.Logging", "Libraries\Logging\Maggsoft.Logging\Maggsoft.Logging.csproj", "{5D84C64D-BAEE-467B-9644-F010882046AB}"
EndProject
Project("{9A19103F-16F7-4668-BE54-9A1E7A4F7556}") = "Maggsoft.Cache.MemoryCache", "Libraries\Cache\Maggsoft.Cache.MemoryCache\Maggsoft.Cache.MemoryCache.csproj", "{3D94D04A-4E66-4CF9-8871-8F2CFEC71FAA}"
EndProject
Project("{9A19103F-16F7-4668-BE54-9A1E7A4F7556}") = "Maggsoft.ExampleTest", "Example\Maggsoft.ExampleTest\Maggsoft.ExampleTest.csproj", "{531014C9-CCDA-4AD2-B86B-009C552EDC46}"
EndProject
Project("{9A19103F-16F7-4668-BE54-9A1E7A4F7556}") = "WebApplicationExample", "Example\WebApplicationExample\WebApplicationExample.csproj", "{4565D6D7-EDAF-4675-B0B6-B4D0291B2A76}"
EndProject
Project("{2150E333-8FDC-42A3-9474-1A3956D46DE8}") = "MediatR", "MediatR", "{F0718EAB-83A3-4F62-B20B-26E20B17DDB8}"
EndProject
Project("{9A19103F-16F7-4668-BE54-9A1E7A4F7556}") = "WebApplication1", "Example\WebApplication1\WebApplication1.csproj", "{8B2A3634-C11A-4448-9AFD-43987279FE42}"
EndProject
Project("{9A19103F-16F7-4668-BE54-9A1E7A4F7556}") = "WebApplication2", "Example\WebApplication2\WebApplication2.csproj", "{32D599A6-897C-46C8-A868-7B1487216CE5}"
EndProject
Project("{9A19103F-16F7-4668-BE54-9A1E7A4F7556}") = "Maggsoft.EventBus.AzureServiceBus", "Libraries\EventBus\Maggsoft.EventBus.AzureServiceBus\Maggsoft.EventBus.AzureServiceBus.csproj", "{38F246FF-94F4-413E-953D-DF157C12F230}"
EndProject
Project("{2150E333-8FDC-42A3-9474-1A3956D46DE8}") = "Ocelot", "Ocelot", "{8C99D0E2-4A0F-4DE3-BEC1-7A0C24DBCEA8}"
EndProject
Project("{9A19103F-16F7-4668-BE54-9A1E7A4F7556}") = "Maggsoft.Ocelot.Core", "Libraries\Ocelot\Maggsoft.Ocelot.Core\Maggsoft.Ocelot.Core.csproj", "{94D94B89-B196-460A-BF46-5E5BAD96460F}"
EndProject
Project("{9A19103F-16F7-4668-BE54-9A1E7A4F7556}") = "Maggsoft.Mongo.Services", "Libraries\Services\Maggsoft.Mongo.Services\Maggsoft.Mongo.Services.csproj", "{6602B31C-C11A-487B-8272-8FE5BDB5A915}"
EndProject
Project("{9A19103F-16F7-4668-BE54-9A1E7A4F7556}") = "Maggsoft.Services", "Libraries\Services\Maggsoft.Services\Maggsoft.Services.csproj", "{03024C0A-5A7E-4133-A0E1-754682EE1BD8}"
EndProject
Project("{9A19103F-16F7-4668-BE54-9A1E7A4F7556}") = "Maggsoft.Mssql.Services", "Libraries\Services\Maggsoft.Mssql.Services\Maggsoft.Mssql.Services.csproj", "{6937C67D-3607-45AC-83A5-996F973F5B4F}"
EndProject
Project("{9A19103F-16F7-4668-BE54-9A1E7A4F7556}") = "Maggsoft.Npgsql.Services", "Libraries\Services\Maggsoft.Npgsql.Services\Maggsoft.Npgsql.Services.csproj", "{872022F3-DBA5-45AF-8A75-6ACD56523802}"
EndProject
Project("{9A19103F-16F7-4668-BE54-9A1E7A4F7556}") = "Maggsoft.Sqlite", "Libraries\Maggsoft.Sqlite\Maggsoft.Sqlite.csproj", "{3BE8314A-3ED1-4928-AADD-B955C1438EB1}"
EndProject
Project("{9A19103F-16F7-4668-BE54-9A1E7A4F7556}") = "Maggsoft.Data.Sqlite", "Libraries\Data\Maggsoft.Data.Sqlite\Maggsoft.Data.Sqlite.csproj", "{50ECAD72-E449-4332-969F-AC32829BC680}"
EndProject
Project("{9A19103F-16F7-4668-BE54-9A1E7A4F7556}") = "Maggsoft.Dto.Sqlite", "Libraries\Dto\Maggsoft.Dto.Sqlite\Maggsoft.Dto.Sqlite.csproj", "{F4E22C4C-4D3F-4535-AC62-90967A9C0A17}"
EndProject
Project("{9A19103F-16F7-4668-BE54-9A1E7A4F7556}") = "Maggsoft.Sqlite.Services", "Libraries\Services\Maggsoft.Sqlite.Services\Maggsoft.Sqlite.Services.csproj", "{D566139A-80B9-4A3E-BA4D-0B06FDAE4ECB}"
EndProject
Project("{2150E333-8FDC-42A3-9474-1A3956D46DE8}") = "Endpoints", "Endpoints", "{D5227832-32CA-4590-AF8E-0DB5F2219F62}"
EndProject
Project("{9A19103F-16F7-4668-BE54-9A1E7A4F7556}") = "Maggsoft.Endpoints", "Libraries\Endpoints\Maggsoft.Endpoints\Maggsoft.Endpoints.csproj", "{4F4C894C-4D80-4A84-BE20-08997BD5F989}"
EndProject
Project("{2150E333-8FDC-42A3-9474-1A3956D46DE8}") = "Solution Items", "Solution Items", "{A7D6F502-1562-4DA5-9EF1-781CA222751C}"
	ProjectSection(SolutionItems) = preProject
		Directory.Packages.props = Directory.Packages.props
		..\.github\workflows\main.yml = ..\.github\workflows\main.yml
		nuget.config = nuget.config
	EndProjectSection
EndProject
Global
	GlobalSection(SolutionConfigurationPlatforms) = preSolution
		Debug|Any CPU = Debug|Any CPU
		Release|Any CPU = Release|Any CPU
	EndGlobalSection
	GlobalSection(ProjectConfigurationPlatforms) = postSolution
		{DBFF32A9-6E99-44CF-8FE6-69A8759BFA3B}.Debug|Any CPU.ActiveCfg = Debug|Any CPU
		{DBFF32A9-6E99-44CF-8FE6-69A8759BFA3B}.Debug|Any CPU.Build.0 = Debug|Any CPU
		{DBFF32A9-6E99-44CF-8FE6-69A8759BFA3B}.Release|Any CPU.ActiveCfg = Release|Any CPU
		{DBFF32A9-6E99-44CF-8FE6-69A8759BFA3B}.Release|Any CPU.Build.0 = Release|Any CPU
		{267E415C-A177-4D76-A5AF-B4143E047732}.Debug|Any CPU.ActiveCfg = Debug|Any CPU
		{267E415C-A177-4D76-A5AF-B4143E047732}.Debug|Any CPU.Build.0 = Debug|Any CPU
		{267E415C-A177-4D76-A5AF-B4143E047732}.Release|Any CPU.ActiveCfg = Release|Any CPU
		{267E415C-A177-4D76-A5AF-B4143E047732}.Release|Any CPU.Build.0 = Release|Any CPU
		{5E3F23A1-C88C-4338-AE47-90F148FBB362}.Debug|Any CPU.ActiveCfg = Debug|Any CPU
		{5E3F23A1-C88C-4338-AE47-90F148FBB362}.Debug|Any CPU.Build.0 = Debug|Any CPU
		{5E3F23A1-C88C-4338-AE47-90F148FBB362}.Release|Any CPU.ActiveCfg = Release|Any CPU
		{5E3F23A1-C88C-4338-AE47-90F148FBB362}.Release|Any CPU.Build.0 = Release|Any CPU
		{22BB3EFA-0AEE-4E93-89CA-69F6F0504475}.Debug|Any CPU.ActiveCfg = Debug|Any CPU
		{22BB3EFA-0AEE-4E93-89CA-69F6F0504475}.Debug|Any CPU.Build.0 = Debug|Any CPU
		{22BB3EFA-0AEE-4E93-89CA-69F6F0504475}.Release|Any CPU.ActiveCfg = Release|Any CPU
		{22BB3EFA-0AEE-4E93-89CA-69F6F0504475}.Release|Any CPU.Build.0 = Release|Any CPU
		{1C9B9C72-8451-420B-9AA1-0D1A6A17C19B}.Debug|Any CPU.ActiveCfg = Debug|Any CPU
		{1C9B9C72-8451-420B-9AA1-0D1A6A17C19B}.Debug|Any CPU.Build.0 = Debug|Any CPU
		{1C9B9C72-8451-420B-9AA1-0D1A6A17C19B}.Release|Any CPU.ActiveCfg = Release|Any CPU
		{1C9B9C72-8451-420B-9AA1-0D1A6A17C19B}.Release|Any CPU.Build.0 = Release|Any CPU
		{45514F86-D585-4C0A-BA6C-EA6714AA9939}.Debug|Any CPU.ActiveCfg = Debug|Any CPU
		{45514F86-D585-4C0A-BA6C-EA6714AA9939}.Debug|Any CPU.Build.0 = Debug|Any CPU
		{45514F86-D585-4C0A-BA6C-EA6714AA9939}.Release|Any CPU.ActiveCfg = Release|Any CPU
		{45514F86-D585-4C0A-BA6C-EA6714AA9939}.Release|Any CPU.Build.0 = Release|Any CPU
		{1C3CDD5A-23F3-44F0-98F6-695B200E702F}.Debug|Any CPU.ActiveCfg = Debug|Any CPU
		{1C3CDD5A-23F3-44F0-98F6-695B200E702F}.Debug|Any CPU.Build.0 = Debug|Any CPU
		{1C3CDD5A-23F3-44F0-98F6-695B200E702F}.Release|Any CPU.ActiveCfg = Release|Any CPU
		{1C3CDD5A-23F3-44F0-98F6-695B200E702F}.Release|Any CPU.Build.0 = Release|Any CPU
		{95880CFE-667F-4845-B716-48284BAD0895}.Debug|Any CPU.ActiveCfg = Debug|Any CPU
		{95880CFE-667F-4845-B716-48284BAD0895}.Debug|Any CPU.Build.0 = Debug|Any CPU
		{95880CFE-667F-4845-B716-48284BAD0895}.Release|Any CPU.ActiveCfg = Release|Any CPU
		{95880CFE-667F-4845-B716-48284BAD0895}.Release|Any CPU.Build.0 = Release|Any CPU
		{D23B35B8-6743-4DE1-992F-27C852FCBEDE}.Debug|Any CPU.ActiveCfg = Debug|Any CPU
		{D23B35B8-6743-4DE1-992F-27C852FCBEDE}.Debug|Any CPU.Build.0 = Debug|Any CPU
		{D23B35B8-6743-4DE1-992F-27C852FCBEDE}.Release|Any CPU.ActiveCfg = Release|Any CPU
		{D23B35B8-6743-4DE1-992F-27C852FCBEDE}.Release|Any CPU.Build.0 = Release|Any CPU
		{76B1B0C0-5B6F-40A1-A3B7-DF0E05CEB091}.Debug|Any CPU.ActiveCfg = Debug|Any CPU
		{76B1B0C0-5B6F-40A1-A3B7-DF0E05CEB091}.Debug|Any CPU.Build.0 = Debug|Any CPU
		{76B1B0C0-5B6F-40A1-A3B7-DF0E05CEB091}.Release|Any CPU.ActiveCfg = Release|Any CPU
		{76B1B0C0-5B6F-40A1-A3B7-DF0E05CEB091}.Release|Any CPU.Build.0 = Release|Any CPU
		{36DA7773-F2CD-4DA4-A059-02FD3F1AB7B1}.Debug|Any CPU.ActiveCfg = Debug|Any CPU
		{36DA7773-F2CD-4DA4-A059-02FD3F1AB7B1}.Debug|Any CPU.Build.0 = Debug|Any CPU
		{36DA7773-F2CD-4DA4-A059-02FD3F1AB7B1}.Release|Any CPU.ActiveCfg = Release|Any CPU
		{36DA7773-F2CD-4DA4-A059-02FD3F1AB7B1}.Release|Any CPU.Build.0 = Release|Any CPU
		{3FDCC0C7-89F7-4EDB-8928-A09F0E2A433B}.Debug|Any CPU.ActiveCfg = Debug|Any CPU
		{3FDCC0C7-89F7-4EDB-8928-A09F0E2A433B}.Debug|Any CPU.Build.0 = Debug|Any CPU
		{3FDCC0C7-89F7-4EDB-8928-A09F0E2A433B}.Release|Any CPU.ActiveCfg = Release|Any CPU
		{3FDCC0C7-89F7-4EDB-8928-A09F0E2A433B}.Release|Any CPU.Build.0 = Release|Any CPU
		{D27BF2CD-263E-4674-902D-78858CF822BF}.Debug|Any CPU.ActiveCfg = Debug|Any CPU
		{D27BF2CD-263E-4674-902D-78858CF822BF}.Debug|Any CPU.Build.0 = Debug|Any CPU
		{D27BF2CD-263E-4674-902D-78858CF822BF}.Release|Any CPU.ActiveCfg = Release|Any CPU
		{D27BF2CD-263E-4674-902D-78858CF822BF}.Release|Any CPU.Build.0 = Release|Any CPU
		{98329401-C441-4862-B5CB-C30F9F4E0B90}.Debug|Any CPU.ActiveCfg = Debug|Any CPU
		{98329401-C441-4862-B5CB-C30F9F4E0B90}.Debug|Any CPU.Build.0 = Debug|Any CPU
		{98329401-C441-4862-B5CB-C30F9F4E0B90}.Release|Any CPU.ActiveCfg = Release|Any CPU
		{98329401-C441-4862-B5CB-C30F9F4E0B90}.Release|Any CPU.Build.0 = Release|Any CPU
		{81D93794-D3DA-4008-B209-FB1CAF578890}.Debug|Any CPU.ActiveCfg = Debug|Any CPU
		{81D93794-D3DA-4008-B209-FB1CAF578890}.Debug|Any CPU.Build.0 = Debug|Any CPU
		{81D93794-D3DA-4008-B209-FB1CAF578890}.Release|Any CPU.ActiveCfg = Release|Any CPU
		{81D93794-D3DA-4008-B209-FB1CAF578890}.Release|Any CPU.Build.0 = Release|Any CPU
		{AD1F470E-B794-41DF-AAE4-DF09D369C9A2}.Debug|Any CPU.ActiveCfg = Debug|Any CPU
		{AD1F470E-B794-41DF-AAE4-DF09D369C9A2}.Debug|Any CPU.Build.0 = Debug|Any CPU
		{AD1F470E-B794-41DF-AAE4-DF09D369C9A2}.Release|Any CPU.ActiveCfg = Release|Any CPU
		{AD1F470E-B794-41DF-AAE4-DF09D369C9A2}.Release|Any CPU.Build.0 = Release|Any CPU
		{18A6FE85-1B78-407A-9E87-0B297D4AA6AF}.Debug|Any CPU.ActiveCfg = Debug|Any CPU
		{18A6FE85-1B78-407A-9E87-0B297D4AA6AF}.Debug|Any CPU.Build.0 = Debug|Any CPU
		{18A6FE85-1B78-407A-9E87-0B297D4AA6AF}.Release|Any CPU.ActiveCfg = Release|Any CPU
		{18A6FE85-1B78-407A-9E87-0B297D4AA6AF}.Release|Any CPU.Build.0 = Release|Any CPU
		{A1BD0F47-50AA-436B-A7E2-BC0338F6E250}.Debug|Any CPU.ActiveCfg = Debug|Any CPU
		{A1BD0F47-50AA-436B-A7E2-BC0338F6E250}.Debug|Any CPU.Build.0 = Debug|Any CPU
		{A1BD0F47-50AA-436B-A7E2-BC0338F6E250}.Release|Any CPU.ActiveCfg = Release|Any CPU
		{A1BD0F47-50AA-436B-A7E2-BC0338F6E250}.Release|Any CPU.Build.0 = Release|Any CPU
		{9723B17F-B31E-4161-BE44-65E02E9F1090}.Debug|Any CPU.ActiveCfg = Debug|Any CPU
		{9723B17F-B31E-4161-BE44-65E02E9F1090}.Debug|Any CPU.Build.0 = Debug|Any CPU
		{9723B17F-B31E-4161-BE44-65E02E9F1090}.Release|Any CPU.ActiveCfg = Release|Any CPU
		{9723B17F-B31E-4161-BE44-65E02E9F1090}.Release|Any CPU.Build.0 = Release|Any CPU
		{B152066D-68BA-406B-9EE4-A84F4D8AF731}.Debug|Any CPU.ActiveCfg = Debug|Any CPU
		{B152066D-68BA-406B-9EE4-A84F4D8AF731}.Debug|Any CPU.Build.0 = Debug|Any CPU
		{B152066D-68BA-406B-9EE4-A84F4D8AF731}.Release|Any CPU.ActiveCfg = Release|Any CPU
		{B152066D-68BA-406B-9EE4-A84F4D8AF731}.Release|Any CPU.Build.0 = Release|Any CPU
		{5D84C64D-BAEE-467B-9644-F010882046AB}.Debug|Any CPU.ActiveCfg = Debug|Any CPU
		{5D84C64D-BAEE-467B-9644-F010882046AB}.Debug|Any CPU.Build.0 = Debug|Any CPU
		{5D84C64D-BAEE-467B-9644-F010882046AB}.Release|Any CPU.ActiveCfg = Release|Any CPU
		{5D84C64D-BAEE-467B-9644-F010882046AB}.Release|Any CPU.Build.0 = Release|Any CPU
		{3D94D04A-4E66-4CF9-8871-8F2CFEC71FAA}.Debug|Any CPU.ActiveCfg = Debug|Any CPU
		{3D94D04A-4E66-4CF9-8871-8F2CFEC71FAA}.Debug|Any CPU.Build.0 = Debug|Any CPU
		{3D94D04A-4E66-4CF9-8871-8F2CFEC71FAA}.Release|Any CPU.ActiveCfg = Release|Any CPU
		{3D94D04A-4E66-4CF9-8871-8F2CFEC71FAA}.Release|Any CPU.Build.0 = Release|Any CPU
		{531014C9-CCDA-4AD2-B86B-009C552EDC46}.Debug|Any CPU.ActiveCfg = Debug|Any CPU
		{531014C9-CCDA-4AD2-B86B-009C552EDC46}.Debug|Any CPU.Build.0 = Debug|Any CPU
		{531014C9-CCDA-4AD2-B86B-009C552EDC46}.Release|Any CPU.ActiveCfg = Release|Any CPU
		{531014C9-CCDA-4AD2-B86B-009C552EDC46}.Release|Any CPU.Build.0 = Release|Any CPU
		{4565D6D7-EDAF-4675-B0B6-B4D0291B2A76}.Debug|Any CPU.ActiveCfg = Debug|Any CPU
		{4565D6D7-EDAF-4675-B0B6-B4D0291B2A76}.Debug|Any CPU.Build.0 = Debug|Any CPU
		{4565D6D7-EDAF-4675-B0B6-B4D0291B2A76}.Release|Any CPU.ActiveCfg = Release|Any CPU
		{4565D6D7-EDAF-4675-B0B6-B4D0291B2A76}.Release|Any CPU.Build.0 = Release|Any CPU
		{8B2A3634-C11A-4448-9AFD-43987279FE42}.Debug|Any CPU.ActiveCfg = Debug|Any CPU
		{8B2A3634-C11A-4448-9AFD-43987279FE42}.Debug|Any CPU.Build.0 = Debug|Any CPU
		{8B2A3634-C11A-4448-9AFD-43987279FE42}.Release|Any CPU.ActiveCfg = Release|Any CPU
		{8B2A3634-C11A-4448-9AFD-43987279FE42}.Release|Any CPU.Build.0 = Release|Any CPU
		{32D599A6-897C-46C8-A868-7B1487216CE5}.Debug|Any CPU.ActiveCfg = Debug|Any CPU
		{32D599A6-897C-46C8-A868-7B1487216CE5}.Debug|Any CPU.Build.0 = Debug|Any CPU
		{32D599A6-897C-46C8-A868-7B1487216CE5}.Release|Any CPU.ActiveCfg = Release|Any CPU
		{32D599A6-897C-46C8-A868-7B1487216CE5}.Release|Any CPU.Build.0 = Release|Any CPU
		{38F246FF-94F4-413E-953D-DF157C12F230}.Debug|Any CPU.ActiveCfg = Debug|Any CPU
		{38F246FF-94F4-413E-953D-DF157C12F230}.Debug|Any CPU.Build.0 = Debug|Any CPU
		{38F246FF-94F4-413E-953D-DF157C12F230}.Release|Any CPU.ActiveCfg = Release|Any CPU
		{38F246FF-94F4-413E-953D-DF157C12F230}.Release|Any CPU.Build.0 = Release|Any CPU
		{94D94B89-B196-460A-BF46-5E5BAD96460F}.Debug|Any CPU.ActiveCfg = Debug|Any CPU
		{94D94B89-B196-460A-BF46-5E5BAD96460F}.Debug|Any CPU.Build.0 = Debug|Any CPU
		{94D94B89-B196-460A-BF46-5E5BAD96460F}.Release|Any CPU.ActiveCfg = Release|Any CPU
		{94D94B89-B196-460A-BF46-5E5BAD96460F}.Release|Any CPU.Build.0 = Release|Any CPU
		{6602B31C-C11A-487B-8272-8FE5BDB5A915}.Debug|Any CPU.ActiveCfg = Debug|Any CPU
		{6602B31C-C11A-487B-8272-8FE5BDB5A915}.Debug|Any CPU.Build.0 = Debug|Any CPU
		{6602B31C-C11A-487B-8272-8FE5BDB5A915}.Release|Any CPU.ActiveCfg = Release|Any CPU
		{6602B31C-C11A-487B-8272-8FE5BDB5A915}.Release|Any CPU.Build.0 = Release|Any CPU
		{03024C0A-5A7E-4133-A0E1-754682EE1BD8}.Debug|Any CPU.ActiveCfg = Debug|Any CPU
		{03024C0A-5A7E-4133-A0E1-754682EE1BD8}.Debug|Any CPU.Build.0 = Debug|Any CPU
		{03024C0A-5A7E-4133-A0E1-754682EE1BD8}.Release|Any CPU.ActiveCfg = Release|Any CPU
		{03024C0A-5A7E-4133-A0E1-754682EE1BD8}.Release|Any CPU.Build.0 = Release|Any CPU
		{6937C67D-3607-45AC-83A5-996F973F5B4F}.Debug|Any CPU.ActiveCfg = Debug|Any CPU
		{6937C67D-3607-45AC-83A5-996F973F5B4F}.Debug|Any CPU.Build.0 = Debug|Any CPU
		{6937C67D-3607-45AC-83A5-996F973F5B4F}.Release|Any CPU.ActiveCfg = Release|Any CPU
		{6937C67D-3607-45AC-83A5-996F973F5B4F}.Release|Any CPU.Build.0 = Release|Any CPU
		{872022F3-DBA5-45AF-8A75-6ACD56523802}.Debug|Any CPU.ActiveCfg = Debug|Any CPU
		{872022F3-DBA5-45AF-8A75-6ACD56523802}.Debug|Any CPU.Build.0 = Debug|Any CPU
		{872022F3-DBA5-45AF-8A75-6ACD56523802}.Release|Any CPU.ActiveCfg = Release|Any CPU
		{872022F3-DBA5-45AF-8A75-6ACD56523802}.Release|Any CPU.Build.0 = Release|Any CPU
		{3BE8314A-3ED1-4928-AADD-B955C1438EB1}.Debug|Any CPU.ActiveCfg = Debug|Any CPU
		{3BE8314A-3ED1-4928-AADD-B955C1438EB1}.Debug|Any CPU.Build.0 = Debug|Any CPU
		{3BE8314A-3ED1-4928-AADD-B955C1438EB1}.Release|Any CPU.ActiveCfg = Release|Any CPU
		{3BE8314A-3ED1-4928-AADD-B955C1438EB1}.Release|Any CPU.Build.0 = Release|Any CPU
		{50ECAD72-E449-4332-969F-AC32829BC680}.Debug|Any CPU.ActiveCfg = Debug|Any CPU
		{50ECAD72-E449-4332-969F-AC32829BC680}.Debug|Any CPU.Build.0 = Debug|Any CPU
		{50ECAD72-E449-4332-969F-AC32829BC680}.Release|Any CPU.ActiveCfg = Release|Any CPU
		{50ECAD72-E449-4332-969F-AC32829BC680}.Release|Any CPU.Build.0 = Release|Any CPU
		{F4E22C4C-4D3F-4535-AC62-90967A9C0A17}.Debug|Any CPU.ActiveCfg = Debug|Any CPU
		{F4E22C4C-4D3F-4535-AC62-90967A9C0A17}.Debug|Any CPU.Build.0 = Debug|Any CPU
		{F4E22C4C-4D3F-4535-AC62-90967A9C0A17}.Release|Any CPU.ActiveCfg = Release|Any CPU
		{F4E22C4C-4D3F-4535-AC62-90967A9C0A17}.Release|Any CPU.Build.0 = Release|Any CPU
		{D566139A-80B9-4A3E-BA4D-0B06FDAE4ECB}.Debug|Any CPU.ActiveCfg = Debug|Any CPU
		{D566139A-80B9-4A3E-BA4D-0B06FDAE4ECB}.Debug|Any CPU.Build.0 = Debug|Any CPU
		{D566139A-80B9-4A3E-BA4D-0B06FDAE4ECB}.Release|Any CPU.ActiveCfg = Release|Any CPU
		{D566139A-80B9-4A3E-BA4D-0B06FDAE4ECB}.Release|Any CPU.Build.0 = Release|Any CPU
		{4F4C894C-4D80-4A84-BE20-08997BD5F989}.Debug|Any CPU.ActiveCfg = Debug|Any CPU
		{4F4C894C-4D80-4A84-BE20-08997BD5F989}.Debug|Any CPU.Build.0 = Debug|Any CPU
		{4F4C894C-4D80-4A84-BE20-08997BD5F989}.Release|Any CPU.ActiveCfg = Release|Any CPU
		{4F4C894C-4D80-4A84-BE20-08997BD5F989}.Release|Any CPU.Build.0 = Release|Any CPU
	EndGlobalSection
	GlobalSection(SolutionProperties) = preSolution
		HideSolutionNode = FALSE
	EndGlobalSection
	GlobalSection(NestedProjects) = preSolution
		{69FA5BF1-2C7B-4289-B482-0E7F25D41748} = {2BCEB3B0-C3CA-4C6A-B413-FB5A7370A681}
		{DBFF32A9-6E99-44CF-8FE6-69A8759BFA3B} = {69FA5BF1-2C7B-4289-B482-0E7F25D41748}
		{267E415C-A177-4D76-A5AF-B4143E047732} = {69FA5BF1-2C7B-4289-B482-0E7F25D41748}
		{5E3F23A1-C88C-4338-AE47-90F148FBB362} = {69FA5BF1-2C7B-4289-B482-0E7F25D41748}
		{22BB3EFA-0AEE-4E93-89CA-69F6F0504475} = {69FA5BF1-2C7B-4289-B482-0E7F25D41748}
		{57BB0453-C17A-45EF-80B3-6F60F61A2F07} = {2BCEB3B0-C3CA-4C6A-B413-FB5A7370A681}
		{1C9B9C72-8451-420B-9AA1-0D1A6A17C19B} = {57BB0453-C17A-45EF-80B3-6F60F61A2F07}
		{0C64D20C-6DF0-45B7-B539-9DE066A145BE} = {69FA5BF1-2C7B-4289-B482-0E7F25D41748}
		{4F056C78-5586-4D84-A27E-1A8C312C03B6} = {69FA5BF1-2C7B-4289-B482-0E7F25D41748}
		{45514F86-D585-4C0A-BA6C-EA6714AA9939} = {4F056C78-5586-4D84-A27E-1A8C312C03B6}
		{1C3CDD5A-23F3-44F0-98F6-695B200E702F} = {0C64D20C-6DF0-45B7-B539-9DE066A145BE}
		{95880CFE-667F-4845-B716-48284BAD0895} = {0C64D20C-6DF0-45B7-B539-9DE066A145BE}
		{D23B35B8-6743-4DE1-992F-27C852FCBEDE} = {0C64D20C-6DF0-45B7-B539-9DE066A145BE}
		{76B1B0C0-5B6F-40A1-A3B7-DF0E05CEB091} = {4F056C78-5586-4D84-A27E-1A8C312C03B6}
		{36DA7773-F2CD-4DA4-A059-02FD3F1AB7B1} = {4F056C78-5586-4D84-A27E-1A8C312C03B6}
		{3FDCC0C7-89F7-4EDB-8928-A09F0E2A433B} = {0C64D20C-6DF0-45B7-B539-9DE066A145BE}
		{7454A2BA-DA99-452E-9AA1-B047D1D22105} = {69FA5BF1-2C7B-4289-B482-0E7F25D41748}
		{D27BF2CD-263E-4674-902D-78858CF822BF} = {7454A2BA-DA99-452E-9AA1-B047D1D22105}
		{B2E2B8B8-17B6-4D5C-8B71-2E50A2F01A8B} = {69FA5BF1-2C7B-4289-B482-0E7F25D41748}
		{98329401-C441-4862-B5CB-C30F9F4E0B90} = {B2E2B8B8-17B6-4D5C-8B71-2E50A2F01A8B}
		{81D93794-D3DA-4008-B209-FB1CAF578890} = {B2E2B8B8-17B6-4D5C-8B71-2E50A2F01A8B}
		{AA6D3110-B340-4EAD-9DE6-4A4138EFC36F} = {69FA5BF1-2C7B-4289-B482-0E7F25D41748}
		{D3832EBA-203F-4F21-943B-7060F0AF6941} = {69FA5BF1-2C7B-4289-B482-0E7F25D41748}
		{AD1F470E-B794-41DF-AAE4-DF09D369C9A2} = {D3832EBA-203F-4F21-943B-7060F0AF6941}
		{18A6FE85-1B78-407A-9E87-0B297D4AA6AF} = {D3832EBA-203F-4F21-943B-7060F0AF6941}
		{AFE3D338-C78B-40AA-9FDF-AAA170A98FAE} = {2BCEB3B0-C3CA-4C6A-B413-FB5A7370A681}
		{A1BD0F47-50AA-436B-A7E2-BC0338F6E250} = {AFE3D338-C78B-40AA-9FDF-AAA170A98FAE}
		{9723B17F-B31E-4161-BE44-65E02E9F1090} = {D3832EBA-203F-4F21-943B-7060F0AF6941}
		{B152066D-68BA-406B-9EE4-A84F4D8AF731} = {AFE3D338-C78B-40AA-9FDF-AAA170A98FAE}
		{B96670A8-20A1-41F1-96F8-644EA1462EF4} = {69FA5BF1-2C7B-4289-B482-0E7F25D41748}
		{5D84C64D-BAEE-467B-9644-F010882046AB} = {B96670A8-20A1-41F1-96F8-644EA1462EF4}
		{3D94D04A-4E66-4CF9-8871-8F2CFEC71FAA} = {B2E2B8B8-17B6-4D5C-8B71-2E50A2F01A8B}
		{531014C9-CCDA-4AD2-B86B-009C552EDC46} = {AFE3D338-C78B-40AA-9FDF-AAA170A98FAE}
		{4565D6D7-EDAF-4675-B0B6-B4D0291B2A76} = {AFE3D338-C78B-40AA-9FDF-AAA170A98FAE}
		{F0718EAB-83A3-4F62-B20B-26E20B17DDB8} = {69FA5BF1-2C7B-4289-B482-0E7F25D41748}
		{8B2A3634-C11A-4448-9AFD-43987279FE42} = {AFE3D338-C78B-40AA-9FDF-AAA170A98FAE}
		{32D599A6-897C-46C8-A868-7B1487216CE5} = {AFE3D338-C78B-40AA-9FDF-AAA170A98FAE}
		{38F246FF-94F4-413E-953D-DF157C12F230} = {D3832EBA-203F-4F21-943B-7060F0AF6941}
		{8C99D0E2-4A0F-4DE3-BEC1-7A0C24DBCEA8} = {69FA5BF1-2C7B-4289-B482-0E7F25D41748}
		{94D94B89-B196-460A-BF46-5E5BAD96460F} = {8C99D0E2-4A0F-4DE3-BEC1-7A0C24DBCEA8}
		{6602B31C-C11A-487B-8272-8FE5BDB5A915} = {AA6D3110-B340-4EAD-9DE6-4A4138EFC36F}
		{03024C0A-5A7E-4133-A0E1-754682EE1BD8} = {AA6D3110-B340-4EAD-9DE6-4A4138EFC36F}
		{6937C67D-3607-45AC-83A5-996F973F5B4F} = {AA6D3110-B340-4EAD-9DE6-4A4138EFC36F}
		{872022F3-DBA5-45AF-8A75-6ACD56523802} = {AA6D3110-B340-4EAD-9DE6-4A4138EFC36F}
		{3BE8314A-3ED1-4928-AADD-B955C1438EB1} = {69FA5BF1-2C7B-4289-B482-0E7F25D41748}
		{50ECAD72-E449-4332-969F-AC32829BC680} = {0C64D20C-6DF0-45B7-B539-9DE066A145BE}
		{F4E22C4C-4D3F-4535-AC62-90967A9C0A17} = {4F056C78-5586-4D84-A27E-1A8C312C03B6}
		{D566139A-80B9-4A3E-BA4D-0B06FDAE4ECB} = {AA6D3110-B340-4EAD-9DE6-4A4138EFC36F}
		{D5227832-32CA-4590-AF8E-0DB5F2219F62} = {69FA5BF1-2C7B-4289-B482-0E7F25D41748}
		{4F4C894C-4D80-4A84-BE20-08997BD5F989} = {D5227832-32CA-4590-AF8E-0DB5F2219F62}
	EndGlobalSection
	GlobalSection(ExtensibilityGlobals) = postSolution
		SolutionGuid = {9EE3ED25-C1C9-4452-AEDD-DBC833CCE8F8}
	EndGlobalSection
EndGlobal
